
Microsoft Visual Studio Solution File, Format Version 10.00
# Visual Studio 2008
Project("{FAE04EC0-301F-11D3-BF4B-00C04F79EFBC}") = "para sell", "para sell\para sell.csproj", "{9E58B372-5CF3-40E8-AE72-DCDA1955FBBC}"
EndProject
Global
	GlobalSection(SolutionConfigurationPlatforms) = preSolution
		Debug|Any CPU = Debug|Any CPU
		Release|Any CPU = Release|Any CPU
	EndGlobalSection
	GlobalSection(ProjectConfigurationPlatforms) = postSolution
		{9E58B372-5CF3-40E8-AE72-DCDA1955FBBC}.Debug|Any CPU.ActiveCfg = Debug|Any CPU
		{9E58B372-5CF3-40E8-AE72-DCDA1955FBBC}.Debug|Any CPU.Build.0 = Debug|Any CPU
		{9E58B372-5CF3-40E8-AE72-DCDA1955FBBC}.Release|Any CPU.ActiveCfg = Release|Any CPU
		{9E58B372-5CF3-40E8-AE72-DCDA1955FBBC}.Release|Any CPU.Build.0 = Release|Any CPU
	EndGlobalSection
	GlobalSection(SolutionProperties) = preSolution
		HideSolutionNode = FALSE
	EndGlobalSection
EndGlobal
